{
  "originHash" : "5cce33dab90cc0cd306c152d4f2c2a1bfcf2efdab338e9e8a4a166e3addc41d8",
  "pins" : [
    {
      "identity" : "nvm-color",
      "kind" : "remoteSourceControl",
      "location" : "https://github.com/NVMNovem/nvm-color",
      "state" : {
        "revision" : "80cf6140a29a88197f9bee51918843d706dc6034",
        "version" : "1.2.5"
      }
    }
  ],
  "version" : 3
}
